Microsoft Visual Studio Solution File, Format Version 12.00
# Visual Studio Version 17
VisualStudioVersion = 17.0.31903.59
MinimumVisualStudioVersion = 10.0.40219.1
Project("{9A19103F-16F7-4668-BE54-9A1E7A4F7556}") = "DotnetBinaryObjectSerializer", "DotnetBinaryObjectSerializer\DotnetBinaryObjectSerializer.csproj", "{8B6E3F20-C80B-43AB-9AD4-D176A24572C8}"
EndProject
Project("{9A19103F-16F7-4668-BE54-9A1E7A4F7556}") = "DotnetBinaryObjectSerializer.Tests", "DotnetBinaryObjectSerializer.Tests\DotnetBinaryObjectSerializer.Tests.csproj", "{C1D2E3F4-A5B6-47C8-9D0E-1F2A3B4C5D6E}"
EndProject
Global
	GlobalSection(SolutionConfigurationPlatforms) = preSolution
		Debug|Any CPU = Debug|Any CPU
		Release|Any CPU = Release|Any CPU
	EndGlobalSection
	GlobalSection(ProjectConfigurationPlatforms) = postSolution
		{8B6E3F20-C80B-43AB-9AD4-D176A24572C8}.Debug|Any CPU.ActiveCfg = Debug|Any CPU
		{8B6E3F20-C80B-43AB-9AD4-D176A24572C8}.Debug|Any CPU.Build.0 = Debug|Any CPU
		{8B6E3F20-C80B-43AB-9AD4-D176A24572C8}.Release|Any CPU.ActiveCfg = Release|Any CPU
		{8B6E3F20-C80B-43AB-9AD4-D176A24572C8}.Release|Any CPU.Build.0 = Release|Any CPU
		{4AB36162-38FB-43F6-977D-F944FE11AA0D}.Debug|Any CPU.ActiveCfg = Debug|Any CPU
		{4AB36162-38FB-43F6-977D-F944FE11AA0D}.Debug|Any CPU.Build.0 = Debug|Any CPU
		{4AB36162-38FB-43F6-977D-F944FE11AA0D}.Release|Any CPU.ActiveCfg = Release|Any CPU
		{4AB36162-38FB-43F6-977D-F944FE11AA0D}.Release|Any CPU.Build.0 = Release|Any CPU
		{C1D2E3F4-A5B6-47C8-9D0E-1F2A3B4C5D6E}.Debug|Any CPU.ActiveCfg = Debug|Any CPU
		{C1D2E3F4-A5B6-47C8-9D0E-1F2A3B4C5D6E}.Debug|Any CPU.Build.0 = Debug|Any CPU
		{C1D2E3F4-A5B6-47C8-9D0E-1F2A3B4C5D6E}.Release|Any CPU.ActiveCfg = Release|Any CPU
		{C1D2E3F4-A5B6-47C8-9D0E-1F2A3B4C5D6E}.Release|Any CPU.Build.0 = Release|Any CPU
	EndGlobalSection
EndGlobal
